Microsoft Visual Studio Solution File, Format Version 12.00
# Visual Studio Version 17
VisualStudioVersion = 17.5.2.0
MinimumVisualStudioVersion = 10.0.40219.1
Project("{FAE04EC0-301F-11D3-BF4B-00C04F79EFBC}") = "Week 3", "Week 3\Week 3.csproj", "{E566DA71-40BE-CD55-F59C-D513851F851E}"
EndProject
Global
	GlobalSection(SolutionConfigurationPlatforms) = preSolution
		Debug|Any CPU = Debug|Any CPU
		Release|Any CPU = Release|Any CPU
	EndGlobalSection
	GlobalSection(ProjectConfigurationPlatforms) = postSolution
		{E566DA71-40BE-CD55-F59C-D513851F851E}.Debug|Any CPU.ActiveCfg = Debug|Any CPU
		{E566DA71-40BE-CD55-F59C-D513851F851E}.Debug|Any CPU.Build.0 = Debug|Any CPU
		{E566DA71-40BE-CD55-F59C-D513851F851E}.Release|Any CPU.ActiveCfg = Release|Any CPU
		{E566DA71-40BE-CD55-F59C-D513851F851E}.Release|Any CPU.Build.0 = Release|Any CPU
	EndGlobalSection
	GlobalSection(SolutionProperties) = preSolution
		HideSolutionNode = FALSE
	EndGlobalSection
	GlobalSection(ExtensibilityGlobals) = postSolution
		SolutionGuid = {656F4D4F-0371-4518-B71B-5A3BAA9287F7}
	EndGlobalSection
EndGlobal
